// !$*UTF8*$!
{
	archiveVersion = 1;
	classes = {
	};
	objectVersion = 46;
	objects = {

/* Begin PBXBuildFile section */
		5B79A0A31CC0C2BE00325F0A /* main.m in Sources */ = {isa = PBXBuildFile; fileRef = 5B79A0A21CC0C2BE00325F0A /* main.m */; };
		5B79A0A61CC0C2BE00325F0A /* AppDelegate.m in Sources */ = {isa = PBXBuildFile; fileRef = 5B79A0A51CC0C2BE00325F0A /* AppDelegate.m */; };
		5B79A0A91CC0C2BE00325F0A /* ViewController.m in Sources */ = {isa = PBXBuildFile; fileRef = 5B79A0A81CC0C2BE00325F0A /* ViewController.m */; };
		5B79A0AC1CC0C2BE00325F0A /* Main.storyboard in Resources */ = {isa = PBXBuildFile; fileRef = 5B79A0AA1CC0C2BE00325F0A /* Main.storyboard */; };
		5B79A0AE1CC0C2BE00325F0A /* Assets.xcassets in Resources */ = {isa = PBXBuildFile; fileRef = 5B79A0AD1CC0C2BE00325F0A /* Assets.xcassets */; };
		5B79A0B11CC0C2BE00325F0A /* LaunchScreen.storyboard in Resources */ = {isa = PBXBuildFile; fileRef = 5B79A0AF1CC0C2BE00325F0A /* LaunchScreen.storyboard */; };
		5B79A0BD1CC0C5BB00325F0A /* UIView+TCCocoaExpand.m in Sources */ = {isa = PBXBuildFile; fileRef = 5B79A0BC1CC0C5BB00325F0A /* UIView+TCCocoaExpand.m */; };
		5B79A0C11CC0CD4100325F0A /* UIImage+TCCocoaExpand.m in Sources */ = {isa = PBXBuildFile; fileRef = 5B79A0C01CC0CD4100325F0A /* UIImage+TCCocoaExpand.m */; };
		5B79A0C41CC0CFCA00325F0A /* UIColor+TCCocoaExpand.m in Sources */ = {isa = PBXBuildFile; fileRef = 5B79A0C31CC0CFCA00325F0A /* UIColor+TCCocoaExpand.m */; };
		5B79A0C71CC0D29000325F0A /* UIFont+TCCocoaExpand.m in Sources */ = {isa = PBXBuildFile; fileRef = 5B79A0C61CC0D29000325F0A /* UIFont+TCCocoaExpand.m */; };
		5B79A0CD1CC0DA1700325F0A /* NSString+TCCocoaExpand.m in Sources */ = {isa = PBXBuildFile; fileRef = 5B79A0CC1CC0DA1700325F0A /* NSString+TCCocoaExpand.m */; };
		5B79A0D01CC0DB7500325F0A /* UIActionSheet+TCCocoaExpand.m in Sources */ = {isa = PBXBuildFile; fileRef = 5B79A0CF1CC0DB7500325F0A /* UIActionSheet+TCCocoaExpand.m */; };
		5B79A0D31CC0DCA500325F0A /* UIImagePickerController+TCCocoaExpand.m in Sources */ = {isa = PBXBuildFile; fileRef = 5B79A0D21CC0DCA500325F0A /* UIImagePickerController+TCCocoaExpand.m */; };
		5B79A0D61CC0DE5700325F0A /* NSArray+TCCocoaExpand.m in Sources */ = {isa = PBXBuildFile; fileRef = 5B79A0D51CC0DE5700325F0A /* NSArray+TCCocoaExpand.m */; };
		5B79A0D91CC0DEFB00325F0A /* UIAlertView+TCCocoaExpand.m in Sources */ = {isa = PBXBuildFile; fileRef = 5B79A0D81CC0DEFB00325F0A /* UIAlertView+TCCocoaExpand.m */; };
		5B79A0DC1CC0DF9900325F0A /* MFMailComposeViewController+TCCocoaExpand.m in Sources */ = {isa = PBXBuildFile; fileRef = 5B79A0DB1CC0DF9900325F0A /* MFMailComposeViewController+TCCocoaExpand.m */; };
/* End PBXBuildFile section */

/* Begin PBXFileReference section */
		5B79A09E1CC0C2BE00325F0A /* TCCocoaExpand.app */ = {isa = PBXFileReference; explicitFileType = wrapper.application; includeInIndex = 0; path = TCCocoaExpand.app; sourceTree = BUILT_PRODUCTS_DIR; };
		5B79A0A21CC0C2BE00325F0A /* main.m */ = {isa = PBXFileReference; lastKnownFileType = sourcecode.c.objc; path = main.m; sourceTree = "<group>"; };
		5B79A0A41CC0C2BE00325F0A /* AppDelegate.h */ = {isa = PBXFileReference; lastKnownFileType = sourcecode.c.h; path = AppDelegate.h; sourceTree = "<group>"; };
		5B79A0A51CC0C2BE00325F0A /* AppDelegate.m */ = {isa = PBXFileReference; lastKnownFileType = sourcecode.c.objc; path = AppDelegate.m; sourceTree = "<group>"; };
		5B79A0A71CC0C2BE00325F0A /* ViewController.h */ = {isa = PBXFileReference; lastKnownFileType = sourcecode.c.h; path = ViewController.h; sourceTree = "<group>"; };
		5B79A0A81CC0C2BE00325F0A /* ViewController.m */ = {isa = PBXFileReference; lastKnownFileType = sourcecode.c.objc; path = ViewController.m; sourceTree = "<group>"; };
		5B79A0AB1CC0C2BE00325F0A /* Base */ = {isa = PBXFileReference; lastKnownFileType = file.storyboard; name = Base; path = Base.lproj/Main.storyboard; sourceTree = "<group>"; };
		5B79A0AD1CC0C2BE00325F0A /* Assets.xcassets */ = {isa = PBXFileReference; lastKnownFileType = folder.assetcatalog; path = Assets.xcassets; sourceTree = "<group>"; };
		5B79A0B01CC0C2BE00325F0A /* Base */ = {isa = PBXFileReference; lastKnownFileType = file.storyboard; name = Base; path = Base.lproj/LaunchScreen.storyboard; sourceTree = "<group>"; };
		5B79A0B21CC0C2BE00325F0A /* Info.plist */ = {isa = PBXFileReference; lastKnownFileType = text.plist.xml; path = Info.plist; sourceTree = "<group>"; };
		5B79A0B91CC0C53100325F0A /* CocoaExpand.pch */ = {isa = PBXFileReference; lastKnownFileType = sourcecode.c.h; path = CocoaExpand.pch; sourceTree = "<group>"; };
		5B79A0BB1CC0C5BB00325F0A /* UIView+TCCocoaExpand.h */ = {isa = PBXFileReference; fileEncoding = 4; lastKnownFileType = sourcecode.c.h; path = "UIView+TCCocoaExpand.h"; sourceTree = "<group>"; };
		5B79A0BC1CC0C5BB00325F0A /* UIView+TCCocoaExpand.m */ = {isa = PBXFileReference; fileEncoding = 4; lastKnownFileType = sourcecode.c.objc; path = "UIView+TCCocoaExpand.m"; sourceTree = "<group>"; };
		5B79A0BE1CC0C5D000325F0A /* TCCocoaExpand.h */ = {isa = PBXFileReference; lastKnownFileType = sourcecode.c.h; path = TCCocoaExpand.h; sourceTree = "<group>"; };
		5B79A0BF1CC0CD4100325F0A /* UIImage+TCCocoaExpand.h */ = {isa = PBXFileReference; fileEncoding = 4; lastKnownFileType = sourcecode.c.h; path = "UIImage+TCCocoaExpand.h"; sourceTree = "<group>"; };
		5B79A0C01CC0CD4100325F0A /* UIImage+TCCocoaExpand.m */ = {isa = PBXFileReference; fileEncoding = 4; lastKnownFileType = sourcecode.c.objc; path = "UIImage+TCCocoaExpand.m"; sourceTree = "<group>"; };
		5B79A0C21CC0CFCA00325F0A /* UIColor+TCCocoaExpand.h */ = {isa = PBXFileReference; fileEncoding = 4; lastKnownFileType = sourcecode.c.h; path = "UIColor+TCCocoaExpand.h"; sourceTree = "<group>"; };
		5B79A0C31CC0CFCA00325F0A /* UIColor+TCCocoaExpand.m */ = {isa = PBXFileReference; fileEncoding = 4; lastKnownFileType = sourcecode.c.objc; path = "UIColor+TCCocoaExpand.m"; sourceTree = "<group>"; };
		5B79A0C51CC0D29000325F0A /* UIFont+TCCocoaExpand.h */ = {isa = PBXFileReference; fileEncoding = 4; lastKnownFileType = sourcecode.c.h; path = "UIFont+TCCocoaExpand.h"; sourceTree = "<group>"; };
		5B79A0C61CC0D29000325F0A /* UIFont+TCCocoaExpand.m */ = {isa = PBXFileReference; fileEncoding = 4; lastKnownFileType = sourcecode.c.objc; path = "UIFont+TCCocoaExpand.m"; sourceTree = "<group>"; };
		5B79A0CB1CC0DA1700325F0A /* NSString+TCCocoaExpand.h */ = {isa = PBXFileReference; fileEncoding = 4; lastKnownFileType = sourcecode.c.h; path = "NSString+TCCocoaExpand.h"; sourceTree = "<group>"; };
		5B79A0CC1CC0DA1700325F0A /* NSString+TCCocoaExpand.m */ = {isa = PBXFileReference; fileEncoding = 4; lastKnownFileType = sourcecode.c.objc; path = "NSString+TCCocoaExpand.m"; sourceTree = "<group>"; };
		5B79A0CE1CC0DB7500325F0A /* UIActionSheet+TCCocoaExpand.h */ = {isa = PBXFileReference; fileEncoding = 4; lastKnownFileType = sourcecode.c.h; path = "UIActionSheet+TCCocoaExpand.h"; sourceTree = "<group>"; };
		5B79A0CF1CC0DB7500325F0A /* UIActionSheet+TCCocoaExpand.m */ = {isa = PBXFileReference; fileEncoding = 4; lastKnownFileType = sourcecode.c.objc; path = "UIActionSheet+TCCocoaExpand.m"; sourceTree = "<group>"; };
		5B79A0D11CC0DCA500325F0A /* UIImagePickerController+TCCocoaExpand.h */ = {isa = PBXFileReference; fileEncoding = 4; lastKnownFileType = sourcecode.c.h; path = "UIImagePickerController+TCCocoaExpand.h"; sourceTree = "<group>"; };
		5B79A0D21CC0DCA500325F0A /* UIImagePickerController+TCCocoaExpand.m */ = {isa = PBXFileReference; fileEncoding = 4; lastKnownFileType = sourcecode.c.objc; path = "UIImagePickerController+TCCocoaExpand.m"; sourceTree = "<group>"; };
		5B79A0D41CC0DE5700325F0A /* NSArray+TCCocoaExpand.h */ = {isa = PBXFileReference; fileEncoding = 4; lastKnownFileType = sourcecode.c.h; path = "NSArray+TCCocoaExpand.h"; sourceTree = "<group>"; };
		5B79A0D51CC0DE5700325F0A /* NSArray+TCCocoaExpand.m */ = {isa = PBXFileReference; fileEncoding = 4; lastKnownFileType = sourcecode.c.objc; path = "NSArray+TCCocoaExpand.m"; sourceTree = "<group>"; };
		5B79A0D71CC0DEFB00325F0A /* UIAlertView+TCCocoaExpand.h */ = {isa = PBXFileReference; fileEncoding = 4; lastKnownFileType = sourcecode.c.h; path = "UIAlertView+TCCocoaExpand.h"; sourceTree = "<group>"; };
		5B79A0D81CC0DEFB00325F0A /* UIAlertView+TCCocoaExpand.m */ = {isa = PBXFileReference; fileEncoding = 4; lastKnownFileType = sourcecode.c.objc; path = "UIAlertView+TCCocoaExpand.m"; sourceTree = "<group>"; };
		5B79A0DA1CC0DF9900325F0A /* MFMailComposeViewController+TCCocoaExpand.h */ = {isa = PBXFileReference; fileEncoding = 4; lastKnownFileType = sourcecode.c.h; path = "MFMailComposeViewController+TCCocoaExpand.h"; sourceTree = "<group>"; };
		5B79A0DB1CC0DF9900325F0A /* MFMailComposeViewController+TCCocoaExpand.m */ = {isa = PBXFileReference; fileEncoding = 4; lastKnownFileType = sourcecode.c.objc; path = "MFMailComposeViewController+TCCocoaExpand.m"; sourceTree = "<group>"; };
/* End PBXFileReference section */

/* Begin PBXFrameworksBuildPhase section */
		5B79A09B1CC0C2BE00325F0A /* Frameworks */ = {
			isa = PBXFrameworksBuildPhase;
			buildActionMask = 2147483647;
			files = (
			);
			runOnlyForDeploymentPostprocessing = 0;
		};
/* End PBXFrameworksBuildPhase section */

/* Begin PBXGroup section */
		5B79A0951CC0C2BE00325F0A = {
			isa = PBXGroup;
			children = (
				5B79A0A01CC0C2BE00325F0A /* TCCocoaExpand */,
				5B79A09F1CC0C2BE00325F0A /* Products */,
			);
			sourceTree = "<group>";
		};
		5B79A09F1CC0C2BE00325F0A /* Products */ = {
			isa = PBXGroup;
			children = (
				5B79A09E1CC0C2BE00325F0A /* TCCocoaExpand.app */,
			);
			name = Products;
			sourceTree = "<group>";
		};
		5B79A0A01CC0C2BE00325F0A /* TCCocoaExpand */ = {
			isa = PBXGroup;
			children = (
				5B79A0B81CC0C38900325F0A /* TCCocoaExpand */,
				5B79A0A41CC0C2BE00325F0A /* AppDelegate.h */,
				5B79A0A51CC0C2BE00325F0A /* AppDelegate.m */,
				5B79A0A71CC0C2BE00325F0A /* ViewController.h */,
				5B79A0A81CC0C2BE00325F0A /* ViewController.m */,
				5B79A0AA1CC0C2BE00325F0A /* Main.storyboard */,
				5B79A0AD1CC0C2BE00325F0A /* Assets.xcassets */,
				5B79A0AF1CC0C2BE00325F0A /* LaunchScreen.storyboard */,
				5B79A0B21CC0C2BE00325F0A /* Info.plist */,
				5B79A0A11CC0C2BE00325F0A /* Supporting Files */,
				5B79A0B91CC0C53100325F0A /* CocoaExpand.pch */,
			);
			path = TCCocoaExpand;
			sourceTree = "<group>";
		};
		5B79A0A11CC0C2BE00325F0A /* Supporting Files */ = {
			isa = PBXGroup;
			children = (
				5B79A0A21CC0C2BE00325F0A /* main.m */,
			);
			name = "Supporting Files";
			sourceTree = "<group>";
		};
		5B79A0B81CC0C38900325F0A /* TCCocoaExpand */ = {
			isa = PBXGroup;
			children = (
				5B79A0BE1CC0C5D000325F0A /* TCCocoaExpand.h */,
				5B79A0BB1CC0C5BB00325F0A /* UIView+TCCocoaExpand.h */,
				5B79A0BC1CC0C5BB00325F0A /* UIView+TCCocoaExpand.m */,
				5B79A0BF1CC0CD4100325F0A /* UIImage+TCCocoaExpand.h */,
				5B79A0C01CC0CD4100325F0A /* UIImage+TCCocoaExpand.m */,
				5B79A0C21CC0CFCA00325F0A /* UIColor+TCCocoaExpand.h */,
				5B79A0C31CC0CFCA00325F0A /* UIColor+TCCocoaExpand.m */,
				5B79A0C51CC0D29000325F0A /* UIFont+TCCocoaExpand.h */,
				5B79A0C61CC0D29000325F0A /* UIFont+TCCocoaExpand.m */,
				5B79A0CE1CC0DB7500325F0A /* UIActionSheet+TCCocoaExpand.h */,
				5B79A0CF1CC0DB7500325F0A /* UIActionSheet+TCCocoaExpand.m */,
				5B79A0D71CC0DEFB00325F0A /* UIAlertView+TCCocoaExpand.h */,
				5B79A0D81CC0DEFB00325F0A /* UIAlertView+TCCocoaExpand.m */,
				5B79A0D11CC0DCA500325F0A /* UIImagePickerController+TCCocoaExpand.h */,
				5B79A0D21CC0DCA500325F0A /* UIImagePickerController+TCCocoaExpand.m */,
				5B79A0CB1CC0DA1700325F0A /* NSString+TCCocoaExpand.h */,
				5B79A0CC1CC0DA1700325F0A /* NSString+TCCocoaExpand.m */,
				5B79A0D41CC0DE5700325F0A /* NSArray+TCCocoaExpand.h */,
				5B79A0D51CC0DE5700325F0A /* NSArray+TCCocoaExpand.m */,
				5B79A0DA1CC0DF9900325F0A /* MFMailComposeViewController+TCCocoaExpand.h */,
				5B79A0DB1CC0DF9900325F0A /* MFMailComposeViewController+TCCocoaExpand.m */,
			);
			path = TCCocoaExpand;
			sourceTree = "<group>";
		};
/* End PBXGroup section */

/* Begin PBXNativeTarget section */
		5B79A09D1CC0C2BE00325F0A /* TCCocoaExpand */ = {
			isa = PBXNativeTarget;
			buildConfigurationList = 5B79A0B51CC0C2BE00325F0A /* Build configuration list for PBXNativeTarget "TCCocoaExpand" */;
			buildPhases = (
				5B79A09A1CC0C2BE00325F0A /* Sources */,
				5B79A09B1CC0C2BE00325F0A /* Frameworks */,
				5B79A09C1CC0C2BE00325F0A /* Resources */,
			);
			buildRules = (
			);
			dependencies = (
			);
			name = TCCocoaExpand;
			productName = TCCocoaExpand;
			productReference = 5B79A09E1CC0C2BE00325F0A /* TCCocoaExpand.app */;
			productType = "com.apple.product-type.application";
		};
/* End PBXNativeTarget section */

/* Begin PBXProject section */
		5B79A0961CC0C2BE00325F0A /* Project object */ = {
			isa = PBXProject;
			attributes = {
				LastUpgradeCheck = 0730;
				ORGANIZATIONNAME = tauCross;
				TargetAttributes = {
					5B79A09D1CC0C2BE00325F0A = {
						CreatedOnToolsVersion = 7.3;
					};
				};
			};
			buildConfigurationList = 5B79A0991CC0C2BE00325F0A /* Build configuration list for PBXProject "TCCocoaExpand" */;
			compatibilityVersion = "Xcode 3.2";
			developmentRegion = English;
			hasScannedForEncodings = 0;
			knownRegions = (
				en,
				Base,
			);
			mainGroup = 5B79A0951CC0C2BE00325F0A;
			productRefGroup = 5B79A09F1CC0C2BE00325F0A /* Products */;
			projectDirPath = "";
			projectRoot = "";
			targets = (
				5B79A09D1CC0C2BE00325F0A /* TCCocoaExpand */,
			);
		};
/* End PBXProject section */

/* Begin PBXResourcesBuildPhase section */
		5B79A09C1CC0C2BE00325F0A /* Resources */ = {
			isa = PBXResourcesBuildPhase;
			buildActionMask = 2147483647;
			files = (
				5B79A0B11CC0C2BE00325F0A /* LaunchScreen.storyboard in Resources */,
				5B79A0AE1CC0C2BE00325F0A /* Assets.xcassets in Resources */,
				5B79A0AC1CC0C2BE00325F0A /* Main.storyboard in Resources */,
			);
			runOnlyForDeploymentPostprocessing = 0;
		};
/* End PBXResourcesBuildPhase section */

/* Begin PBXSourcesBuildPhase section */
		5B79A09A1CC0C2BE00325F0A /* Sources */ = {
			isa = PBXSourcesBuildPhase;
			buildActionMask = 2147483647;
			files = (
				5B79A0A91CC0C2BE00325F0A /* ViewController.m in Sources */,
				5B79A0BD1CC0C5BB00325F0A /* UIView+TCCocoaExpand.m in Sources */,
				5B79A0CD1CC0DA1700325F0A /* NSString+TCCocoaExpand.m in Sources */,
				5B79A0C41CC0CFCA00325F0A /* UIColor+TCCocoaExpand.m in Sources */,
				5B79A0DC1CC0DF9900325F0A /* MFMailComposeViewController+TCCocoaExpand.m in Sources */,
				5B79A0D31CC0DCA500325F0A /* UIImagePickerController+TCCocoaExpand.m in Sources */,
				5B79A0A61CC0C2BE00325F0A /* AppDelegate.m in Sources */,
				5B79A0C11CC0CD4100325F0A /* UIImage+TCCocoaExpand.m in Sources */,
				5B79A0C71CC0D29000325F0A /* UIFont+TCCocoaExpand.m in Sources */,
				5B79A0D01CC0DB7500325F0A /* UIActionSheet+TCCocoaExpand.m in Sources */,
				5B79A0D61CC0DE5700325F0A /* NSArray+TCCocoaExpand.m in Sources */,
				5B79A0D91CC0DEFB00325F0A /* UIAlertView+TCCocoaExpand.m in Sources */,
				5B79A0A31CC0C2BE00325F0A /* main.m in Sources */,
			);
			runOnlyForDeploymentPostprocessing = 0;
		};
/* End PBXSourcesBuildPhase section */

/* Begin PBXVariantGroup section */
		5B79A0AA1CC0C2BE00325F0A /* Main.storyboard */ = {
			isa = PBXVariantGroup;
			children = (
				5B79A0AB1CC0C2BE00325F0A /* Base */,
			);
			name = Main.storyboard;
			sourceTree = "<group>";
		};
		5B79A0AF1CC0C2BE00325F0A /* LaunchScreen.storyboard */ = {
			isa = PBXVariantGroup;
			children = (
				5B79A0B01CC0C2BE00325F0A /* Base */,
			);
			name = LaunchScreen.storyboard;
			sourceTree = "<group>";
		};
/* End PBXVariantGroup section */

/* Begin XCBuildConfiguration section */
		5B79A0B31CC0C2BE00325F0A /* Debug */ = {
			isa = XCBuildConfiguration;
			buildSettings = {
				ALWAYS_SEARCH_USER_PATHS = NO;
				CLANG_ANALYZER_NONNULL = YES;
				CLANG_CXX_LANGUAGE_STANDARD = "gnu++0x";
				CLANG_CXX_LIBRARY = "libc++";
				CLANG_ENABLE_MODULES = YES;
				CLANG_ENABLE_OBJC_ARC = YES;
				CLANG_WARN_BOOL_CONVERSION = YES;
				CLANG_WARN_CONSTANT_CONVERSION = YES;
				CLANG_WARN_DIRECT_OBJC_ISA_USAGE = YES_ERROR;
				CLANG_WARN_EMPTY_BODY = YES;
				CLANG_WARN_ENUM_CONVERSION = YES;
				CLANG_WARN_INT_CONVERSION = YES;
				CLANG_WARN_OBJC_ROOT_CLASS = YES_ERROR;
				CLANG_WARN_UNREACHABLE_CODE = YES;
				CLANG_WARN__DUPLICATE_METHOD_MATCH = YES;
				"CODE_SIGN_IDENTITY[sdk=iphoneos*]" = "iPhone Developer";
				COPY_PHASE_STRIP = NO;
				DEBUG_INFORMATION_FORMAT = dwarf;
				ENABLE_STRICT_OBJC_MSGSEND = YES;
				ENABLE_TESTABILITY = YES;
				GCC_C_LANGUAGE_STANDARD = gnu99;
				GCC_DYNAMIC_NO_PIC = NO;
				GCC_NO_COMMON_BLOCKS = YES;
				GCC_OPTIMIZATION_LEVEL = 0;
				GCC_PREPROCESSOR_DEFINITIONS = (
					"DEBUG=1",
					"$(inherited)",
				);
				GCC_WARN_64_TO_32_BIT_CONVERSION = YES;
				GCC_WARN_ABOUT_RETURN_TYPE = YES_ERROR;
				GCC_WARN_UNDECLARED_SELECTOR = YES;
				GCC_WARN_UNINITIALIZED_AUTOS = YES_AGGRESSIVE;
				GCC_WARN_UNUSED_FUNCTION = YES;
				GCC_WARN_UNUSED_VARIABLE = YES;
				IPHONEOS_DEPLOYMENT_TARGET = 9.3;
				MTL_ENABLE_DEBUG_INFO = YES;
				ONLY_ACTIVE_ARCH = YES;
				SDKROOT = iphoneos;
			};
			name = Debug;
		};
		5B79A0B41CC0C2BE00325F0A /* Release */ = {
			isa = XCBuildConfiguration;
			buildSettings = {
				ALWAYS_SEARCH_USER_PATHS = NO;
				CLANG_ANALYZER_NONNULL = YES;
				CLANG_CXX_LANGUAGE_STANDARD = "gnu++0x";
				CLANG_CXX_LIBRARY = "libc++";
				CLANG_ENABLE_MODULES = YES;
				CLANG_ENABLE_OBJC_ARC = YES;
				CLANG_WARN_BOOL_CONVERSION = YES;
				CLANG_WARN_CONSTANT_CONVERSION = YES;
				CLANG_WARN_DIRECT_OBJC_ISA_USAGE = YES_ERROR;
				CLANG_WARN_EMPTY_BODY = YES;
				CLANG_WARN_ENUM_CONVERSION = YES;
				CLANG_WARN_INT_CONVERSION = YES;
				CLANG_WARN_OBJC_ROOT_CLASS = YES_ERROR;
				CLANG_WARN_UNREACHABLE_CODE = YES;
				CLANG_WARN__DUPLICATE_METHOD_MATCH = YES;
				"CODE_SIGN_IDENTITY[sdk=iphoneos*]" = "iPhone Developer";
				COPY_PHASE_STRIP = NO;
				DEBUG_INFORMATION_FORMAT = "dwarf-with-dsym";
				ENABLE_NS_ASSERTIONS = NO;
				ENABLE_STRICT_OBJC_MSGSEND = YES;
				GCC_C_LANGUAGE_STANDARD = gnu99;
				GCC_NO_COMMON_BLOCKS = YES;
				GCC_WARN_64_TO_32_BIT_CONVERSION = YES;
				GCC_WARN_ABOUT_RETURN_TYPE = YES_ERROR;
				GCC_WARN_UNDECLARED_SELECTOR = YES;
				GCC_WARN_UNINITIALIZED_AUTOS = YES_AGGRESSIVE;
				GCC_WARN_UNUSED_FUNCTION = YES;
				GCC_WARN_UNUSED_VARIABLE = YES;
				IPHONEOS_DEPLOYMENT_TARGET = 9.3;
				MTL_ENABLE_DEBUG_INFO = NO;
				SDKROOT = iphoneos;
				VALIDATE_PRODUCT = YES;
			};
			name = Release;
		};
		5B79A0B61CC0C2BE00325F0A /* Debug */ = {
			isa = XCBuildConfiguration;
			buildSettings = {
				ASSETCATALOG_COMPILER_APPICON_NAME = AppIcon;
				GCC_PREFIX_HEADER = "$(PROJECT_DIR)/TCCocoaExpand/CocoaExpand.pch";
				INFOPLIST_FILE = TCCocoaExpand/Info.plist;
				IPHONEOS_DEPLOYMENT_TARGET = 7.0;
				LD_RUNPATH_SEARCH_PATHS = "$(inherited) @executable_path/Frameworks";
				PRODUCT_BUNDLE_IDENTIFIER = p.tc.TCCocoaExpand;
				PRODUCT_NAME = "$(TARGET_NAME)";
			};
			name = Debug;
		};
		5B79A0B71CC0C2BE00325F0A /* Release */ = {
			isa = XCBuildConfiguration;
			buildSettings = {
				ASSETCATALOG_COMPILER_APPICON_NAME = AppIcon;
				GCC_PREFIX_HEADER = "$(PROJECT_DIR)/TCCocoaExpand/CocoaExpand.pch";
				INFOPLIST_FILE = TCCocoaExpand/Info.plist;
				IPHONEOS_DEPLOYMENT_TARGET = 7.0;
				LD_RUNPATH_SEARCH_PATHS = "$(inherited) @executable_path/Frameworks";
				PRODUCT_BUNDLE_IDENTIFIER = p.tc.TCCocoaExpand;
				PRODUCT_NAME = "$(TARGET_NAME)";
			};
			name = Release;
		};
/* End XCBuildConfiguration section */

/* Begin XCConfigurationList section */
		5B79A0991CC0C2BE00325F0A /* Build configuration list for PBXProject "TCCocoaExpand" */ = {
			isa = XCConfigurationList;
			buildConfigurations = (
				5B79A0B31CC0C2BE00325F0A /* Debug */,
				5B79A0B41CC0C2BE00325F0A /* Release */,
			);
			defaultConfigurationIsVisible = 0;
			defaultConfigurationName = Release;
		};
		5B79A0B51CC0C2BE00325F0A /* Build configuration list for PBXNativeTarget "TCCocoaExpand" */ = {
			isa = XCConfigurationList;
			buildConfigurations = (
				5B79A0B61CC0C2BE00325F0A /* Debug */,
				5B79A0B71CC0C2BE00325F0A /* Release */,
			);
			defaultConfigurationIsVisible = 0;
		};
/* End XCConfigurationList section */
	};
	rootObject = 5B79A0961CC0C2BE00325F0A /* Project object */;
}
